PODS:
  - Flutter (1.0.0)
  - motion_sensors (0.0.1):
    - Flutter

DEPENDENCIES:
  - Flutter (from `Flutter`)
  - motion_sensors (from `.symlinks/plugins/motion_sensors/ios`)

EXTERNAL SOURCES:
  Flutter:
    :path: Flutter
  motion_sensors:
    :path: ".symlinks/plugins/motion_sensors/ios"

SPEC CHECKSUMS:
  Flutter: 0e3d915762c693b495b44d77113d4970485de6ec
  motion_sensors: 03f55b7c637a7e365a0b5f9697a449f9059d5d91

PODFILE CHECKSUM: c34e2287a9ccaa606aeceab922830efb9a6ff69a

COCOAPODS: 1.8.4
